
Microsoft Visual Studio Solution File, Format Version 9.00
# Visual C# Express 2005
Project("{FAE04EC0-301F-11D3-BF4B-00C04F79EFBC}") = "FreeXplorer", "FreeXplorer\FreeXplorer.csproj", "{AE38A3A5-B574-4F5B-9FB3-291DCD5C0724}"
EndProject
Global
	GlobalSection(SolutionConfigurationPlatforms) = preSolution
		Debug|Any CPU = Debug|Any CPU
		Release|Any CPU = Release|Any CPU
	EndGlobalSection
	GlobalSection(ProjectConfigurationPlatforms) = postSolution
		{AE38A3A5-B574-4F5B-9FB3-291DCD5C0724}.Debug|Any CPU.ActiveCfg = Debug|Any CPU
		{AE38A3A5-B574-4F5B-9FB3-291DCD5C0724}.Debug|Any CPU.Build.0 = Debug|Any CPU
		{AE38A3A5-B574-4F5B-9FB3-291DCD5C0724}.Release|Any CPU.ActiveCfg = Release|Any CPU
		{AE38A3A5-B574-4F5B-9FB3-291DCD5C0724}.Release|Any CPU.Build.0 = Release|Any CPU
	EndGlobalSection
	GlobalSection(SolutionProperties) = preSolution
		HideSolutionNode = FALSE
	EndGlobalSection
EndGlobal
